
Microsoft Visual Studio Solution File, Format Version 12.00
# Visual Studio Version 17
VisualStudioVersion = 17.2.32505.173
MinimumVisualStudioVersion = 10.0.40219.1
Project("{9A19103F-16F7-4668-BE54-9A1E7A4F7556}") = "SUU.Coin.Web", "SUU.Coin.Web\SUU.Coin.Web.csproj", "{D96E4B2A-8C9F-40E1-8E3E-D2D8CA6CB407}"
EndProject
Project("{2150E333-8FDC-42A3-9474-1A3956D46DE8}") = "BLL", "BLL", "{3FD0BB93-DCE6-4D54-A1B1-C1157B5A32C7}"
EndProject
Project("{2150E333-8FDC-42A3-9474-1A3956D46DE8}") = "Common", "Common", "{745F8EC6-AC8D-47B4-B466-209AAE3EC717}"
EndProject
Project("{2150E333-8FDC-42A3-9474-1A3956D46DE8}") = "DAL", "DAL", "{FC6B4FA2-60EB-4E8C-B15E-A3A915C0064E}"
EndProject
Project("{2150E333-8FDC-42A3-9474-1A3956D46DE8}") = "Ioc", "Ioc", "{AD6768F5-006C-4FB7-B989-98ACDE22B552}"
EndProject
Project("{2150E333-8FDC-42A3-9474-1A3956D46DE8}") = "PL", "PL", "{FD4623A6-4C11-4497-A67B-C3BA10AA7175}"
EndProject
Project("{FAE04EC0-301F-11D3-BF4B-00C04F79EFBC}") = "SSU.Coins.BLL", "SSU.Coins.BLL\SSU.Coins.BLL.csproj", "{1B2A0105-B05F-44C6-8495-A18DDE7EDB08}"
EndProject
Project("{FAE04EC0-301F-11D3-BF4B-00C04F79EFBC}") = "SSU.Coins.BLL.Interface", "SSU.Coins.BLL.Interface\SSU.Coins.BLL.Interface.csproj", "{3065E8FF-6EC0-41D3-B2D2-DE88EBF6AB7E}"
EndProject
Project("{FAE04EC0-301F-11D3-BF4B-00C04F79EFBC}") = "SSU.Coins.Entities", "SSU.Coins.Entities\SSU.Coins.Entities.csproj", "{1E403506-A2EC-4471-9911-A52E51D2D8C4}"
EndProject
Project("{FAE04EC0-301F-11D3-BF4B-00C04F79EFBC}") = "SSU.Coins.Excecption", "SSU.Coins.Excecption\SSU.Coins.Excecption.csproj", "{3789520C-ECE4-4E45-97B7-AF2BCEC61E2D}"
EndProject
Project("{9A19103F-16F7-4668-BE54-9A1E7A4F7556}") = "SSU.Coins.dbContext", "SSU.Coins.dbContext\SSU.Coins.dbContext.csproj", "{8BFA858D-0D64-4578-976C-7A1175368F14}"
EndProject
Project("{FAE04EC0-301F-11D3-BF4B-00C04F79EFBC}") = "SSU.Coins.Ioc", "SSU.Coins.Ioc\SSU.Coins.Ioc.csproj", "{1D4D3B43-760F-490D-8F34-B915DC351E37}"
EndProject
Global
	GlobalSection(SolutionConfigurationPlatforms) = preSolution
		Debug|Any CPU = Debug|Any CPU
		Release|Any CPU = Release|Any CPU
	EndGlobalSection
	GlobalSection(ProjectConfigurationPlatforms) = postSolution
		{D96E4B2A-8C9F-40E1-8E3E-D2D8CA6CB407}.Debug|Any CPU.ActiveCfg = Debug|Any CPU
		{D96E4B2A-8C9F-40E1-8E3E-D2D8CA6CB407}.Debug|Any CPU.Build.0 = Debug|Any CPU
		{D96E4B2A-8C9F-40E1-8E3E-D2D8CA6CB407}.Release|Any CPU.ActiveCfg = Release|Any CPU
		{D96E4B2A-8C9F-40E1-8E3E-D2D8CA6CB407}.Release|Any CPU.Build.0 = Release|Any CPU
		{1B2A0105-B05F-44C6-8495-A18DDE7EDB08}.Debug|Any CPU.ActiveCfg = Debug|Any CPU
		{1B2A0105-B05F-44C6-8495-A18DDE7EDB08}.Debug|Any CPU.Build.0 = Debug|Any CPU
		{1B2A0105-B05F-44C6-8495-A18DDE7EDB08}.Release|Any CPU.ActiveCfg = Release|Any CPU
		{1B2A0105-B05F-44C6-8495-A18DDE7EDB08}.Release|Any CPU.Build.0 = Release|Any CPU
		{3065E8FF-6EC0-41D3-B2D2-DE88EBF6AB7E}.Debug|Any CPU.ActiveCfg = Debug|Any CPU
		{3065E8FF-6EC0-41D3-B2D2-DE88EBF6AB7E}.Debug|Any CPU.Build.0 = Debug|Any CPU
		{3065E8FF-6EC0-41D3-B2D2-DE88EBF6AB7E}.Release|Any CPU.ActiveCfg = Release|Any CPU
		{3065E8FF-6EC0-41D3-B2D2-DE88EBF6AB7E}.Release|Any CPU.Build.0 = Release|Any CPU
		{1E403506-A2EC-4471-9911-A52E51D2D8C4}.Debug|Any CPU.ActiveCfg = Debug|Any CPU
		{1E403506-A2EC-4471-9911-A52E51D2D8C4}.Debug|Any CPU.Build.0 = Debug|Any CPU
		{1E403506-A2EC-4471-9911-A52E51D2D8C4}.Release|Any CPU.ActiveCfg = Release|Any CPU
		{1E403506-A2EC-4471-9911-A52E51D2D8C4}.Release|Any CPU.Build.0 = Release|Any CPU
		{3789520C-ECE4-4E45-97B7-AF2BCEC61E2D}.Debug|Any CPU.ActiveCfg = Debug|Any CPU
		{3789520C-ECE4-4E45-97B7-AF2BCEC61E2D}.Debug|Any CPU.Build.0 = Debug|Any CPU
		{3789520C-ECE4-4E45-97B7-AF2BCEC61E2D}.Release|Any CPU.ActiveCfg = Release|Any CPU
		{3789520C-ECE4-4E45-97B7-AF2BCEC61E2D}.Release|Any CPU.Build.0 = Release|Any CPU
		{8BFA858D-0D64-4578-976C-7A1175368F14}.Debug|Any CPU.ActiveCfg = Debug|Any CPU
		{8BFA858D-0D64-4578-976C-7A1175368F14}.Debug|Any CPU.Build.0 = Debug|Any CPU
		{8BFA858D-0D64-4578-976C-7A1175368F14}.Release|Any CPU.ActiveCfg = Release|Any CPU
		{8BFA858D-0D64-4578-976C-7A1175368F14}.Release|Any CPU.Build.0 = Release|Any CPU
		{1D4D3B43-760F-490D-8F34-B915DC351E37}.Debug|Any CPU.ActiveCfg = Debug|Any CPU
		{1D4D3B43-760F-490D-8F34-B915DC351E37}.Debug|Any CPU.Build.0 = Debug|Any CPU
		{1D4D3B43-760F-490D-8F34-B915DC351E37}.Release|Any CPU.ActiveCfg = Release|Any CPU
		{1D4D3B43-760F-490D-8F34-B915DC351E37}.Release|Any CPU.Build.0 = Release|Any CPU
	EndGlobalSection
	GlobalSection(SolutionProperties) = preSolution
		HideSolutionNode = FALSE
	EndGlobalSection
	GlobalSection(NestedProjects) = preSolution
		{D96E4B2A-8C9F-40E1-8E3E-D2D8CA6CB407} = {FD4623A6-4C11-4497-A67B-C3BA10AA7175}
		{1B2A0105-B05F-44C6-8495-A18DDE7EDB08} = {3FD0BB93-DCE6-4D54-A1B1-C1157B5A32C7}
		{3065E8FF-6EC0-41D3-B2D2-DE88EBF6AB7E} = {3FD0BB93-DCE6-4D54-A1B1-C1157B5A32C7}
		{1E403506-A2EC-4471-9911-A52E51D2D8C4} = {745F8EC6-AC8D-47B4-B466-209AAE3EC717}
		{3789520C-ECE4-4E45-97B7-AF2BCEC61E2D} = {745F8EC6-AC8D-47B4-B466-209AAE3EC717}
		{8BFA858D-0D64-4578-976C-7A1175368F14} = {FC6B4FA2-60EB-4E8C-B15E-A3A915C0064E}
		{1D4D3B43-760F-490D-8F34-B915DC351E37} = {AD6768F5-006C-4FB7-B989-98ACDE22B552}
	EndGlobalSection
	GlobalSection(ExtensibilityGlobals) = postSolution
		SolutionGuid = {652C5F55-FB77-4040-803C-EDA48D935559}
	EndGlobalSection
EndGlobal
